<?xml version="1.0" encoding="utf-8"?>
<Project ToolsVersion="4.0" xmlns="http://schemas.microsoft.com/developer/msbuild/2003">
  <ItemGroup>
    <Filter Include="源文件">
      <UniqueIdentifier>{4FC737F1-C7A5-4376-A066-2A32D752A2FF}</UniqueIdentifier>
      <Extensions>cpp;c;cc;cxx;c++;cppm;ixx;def;odl;idl;hpj;bat;asm;asmx</Extensions>
    </Filter>
    <Filter Include="头文件">
      <UniqueIdentifier>{93995380-89BD-4b04-88EB-625FBE52EBFB}</UniqueIdentifier>
      <Extensions>h;hh;hpp;hxx;h++;hm;inl;inc;ipp;xsd</Extensions>
    </Filter>
    <Filter Include="资源文件">
      <UniqueIdentifier>{67DA6AB6-F800-4c08-8B7A-83BB121AAD01}</UniqueIdentifier>
      <Extensions>rc;ico;cur;bmp;dlg;rc2;rct;bin;rgs;gif;jpg;jpeg;jpe;resx;tiff;tif;png;wav;mfcribbon-ms</Extensions>
    </Filter>
    <Filter Include="头文件\Camera">
      <UniqueIdentifier>{716eb4a9-dcbe-4341-9db7-d235e2532611}</UniqueIdentifier>
    </Filter>
    <Filter Include="头文件\Player">
      <UniqueIdentifier>{ea2cfd6c-b9c0-4464-b363-f8a03663ae38}</UniqueIdentifier>
    </Filter>
    <Filter Include="头文件\Scene">
      <UniqueIdentifier>{0c7b9561-9fa2-46fe-bd80-fc3acf39800e}</UniqueIdentifier>
    </Filter>
    <Filter Include="头文件\Bullet">
      <UniqueIdentifier>{d9fc38b1-e7cc-42c6-b797-503a4306a318}</UniqueIdentifier>
    </Filter>
    <Filter Include="头文件\Enemy">
      <UniqueIdentifier>{c727de70-3481-4179-9c49-a18929123daf}</UniqueIdentifier>
    </Filter>
    <Filter Include="头文件\common">
      <UniqueIdentifier>{f56fb9df-fde0-4f85-8c0e-ca64acdbaea8}</UniqueIdentifier>
    </Filter>
    <Filter Include="头文件\Platform">
      <UniqueIdentifier>{8d0ea03c-9941-4f1f-ae70-de91e67ddffe}</UniqueIdentifier>
    </Filter>
  </ItemGroup>
  <ItemGroup>
    <ClCompile Include="FileName.cpp">
      <Filter>源文件</Filter>
    </ClCompile>
  </ItemGroup>
  <ItemGroup>
    <ClInclude Include="game_scene.h">
      <Filter>头文件\Scene</Filter>
    </ClInclude>
    <ClInclude Include="menu_scene.h">
      <Filter>头文件\Scene</Filter>
    </ClInclude>
    <ClInclude Include="scene.h">
      <Filter>头文件\Scene</Filter>
    </ClInclude>
    <ClInclude Include="player.h">
      <Filter>头文件\Player</Filter>
    </ClInclude>
    <ClInclude Include="scene_manager.h">
      <Filter>头文件\Scene</Filter>
    </ClInclude>
    <ClInclude Include="playerA.h">
      <Filter>头文件\Player</Filter>
    </ClInclude>
    <ClInclude Include="playerB.h">
      <Filter>头文件\Player</Filter>
    </ClInclude>
    <ClInclude Include="camera.h">
      <Filter>头文件\Camera</Filter>
    </ClInclude>
    <ClInclude Include="vector2.h">
      <Filter>头文件\Camera</Filter>
    </ClInclude>
    <ClInclude Include="bullet_a.h">
      <Filter>头文件\Bullet</Filter>
    </ClInclude>
    <ClInclude Include="enemy.h">
      <Filter>头文件\Enemy</Filter>
    </ClInclude>
    <ClInclude Include="flybot.h">
      <Filter>头文件\Enemy</Filter>
    </ClInclude>
    <ClInclude Include="functionaldraw.h">
      <Filter>头文件\common</Filter>
    </ClInclude>
    <ClInclude Include="atlas.h">
      <Filter>头文件\common</Filter>
    </ClInclude>
    <ClInclude Include="animation.h">
      <Filter>头文件\common</Filter>
    </ClInclude>
    <ClInclude Include="timer.h">
      <Filter>头文件\common</Filter>
    </ClInclude>
    <ClInclude Include="particle.h">
      <Filter>头文件\common</Filter>
    </ClInclude>
    <ClInclude Include="floattext.h">
      <Filter>头文件\common</Filter>
    </ClInclude>
    <ClInclude Include="area.h">
      <Filter>头文件</Filter>
    </ClInclude>
    <ClInclude Include="select_scene.h">
      <Filter>头文件\Scene</Filter>
    </ClInclude>
    <ClInclude Include="water.h">
      <Filter>头文件\common</Filter>
    </ClInclude>
    <ClInclude Include="platform.h">
      <Filter>头文件\Platform</Filter>
    </ClInclude>
    <ClInclude Include="dirt.h">
      <Filter>头文件\Platform</Filter>
    </ClInclude>
  </ItemGroup>
</Project>